
Microsoft Visual Studio Solution File, Format Version 12.00
# Visual Studio 2012
Project("{FAE04EC0-301F-11D3-BF4B-00C04F79EFBC}") = "BasicCalculator", "BasicCalculator\BasicCalculator.csproj", "{939FF1D3-3802-46D5-8B96-45ACE33A0D61}"
EndProject
Global
	GlobalSection(SolutionConfigurationPlatforms) = preSolution
		Debug|iPhoneSimulator = Debug|iPhoneSimulator
		Release|iPhone = Release|iPhone
		Release|iPhoneSimulator = Release|iPhoneSimulator
		Debug|iPhone = Debug|iPhone
	EndGlobalSection
	GlobalSection(ProjectConfigurationPlatforms) = postSolution
		{939FF1D3-3802-46D5-8B96-45ACE33A0D61}.Debug|iPhoneSimulator.ActiveCfg = Debug|iPhoneSimulator
		{939FF1D3-3802-46D5-8B96-45ACE33A0D61}.Debug|iPhoneSimulator.Build.0 = Debug|iPhoneSimulator
		{939FF1D3-3802-46D5-8B96-45ACE33A0D61}.Release|iPhone.ActiveCfg = Release|iPhone
		{939FF1D3-3802-46D5-8B96-45ACE33A0D61}.Release|iPhone.Build.0 = Release|iPhone
		{939FF1D3-3802-46D5-8B96-45ACE33A0D61}.Release|iPhoneSimulator.ActiveCfg = Release|iPhoneSimulator
		{939FF1D3-3802-46D5-8B96-45ACE33A0D61}.Release|iPhoneSimulator.Build.0 = Release|iPhoneSimulator
		{939FF1D3-3802-46D5-8B96-45ACE33A0D61}.Debug|iPhone.ActiveCfg = Debug|iPhone
		{939FF1D3-3802-46D5-8B96-45ACE33A0D61}.Debug|iPhone.Build.0 = Debug|iPhone
	EndGlobalSection
EndGlobal
